
Microsoft Visual Studio Solution File, Format Version 12.00
# Visual Studio Version 16
VisualStudioVersion = 16.0.31129.286
MinimumVisualStudioVersion = 10.0.40219.1
Project("{8BC9CEB8-8B4A-11D0-8D11-00A0C91BC942}") = "STL", "STL\STL.vcxproj", "{B762D8AC-39F1-4D40-9432-5B05E45D5DF9}"
EndProject
Project("{8BC9CEB8-8B4A-11D0-8D11-00A0C91BC942}") = "Associative_Containers", "Associative_Containers\Associative_Containers.vcxproj", "{7377457C-1918-4758-94E2-8EE2184E8C78}"
EndProject
Project("{8BC9CEB8-8B4A-11D0-8D11-00A0C91BC942}") = "Police", "Police\Police.vcxproj", "{8EAB91E8-8B4F-4C0C-8BD9-0B1C25172B3D}"
EndProject
Global
	GlobalSection(SolutionConfigurationPlatforms) = preSolution
		Debug|x64 = Debug|x64
		Debug|x86 = Debug|x86
		Release|x64 = Release|x64
		Release|x86 = Release|x86
	EndGlobalSection
	GlobalSection(ProjectConfigurationPlatforms) = postSolution
		{B762D8AC-39F1-4D40-9432-5B05E45D5DF9}.Debug|x64.ActiveCfg = Debug|x64
		{B762D8AC-39F1-4D40-9432-5B05E45D5DF9}.Debug|x64.Build.0 = Debug|x64
		{B762D8AC-39F1-4D40-9432-5B05E45D5DF9}.Debug|x86.ActiveCfg = Debug|Win32
		{B762D8AC-39F1-4D40-9432-5B05E45D5DF9}.Debug|x86.Build.0 = Debug|Win32
		{B762D8AC-39F1-4D40-9432-5B05E45D5DF9}.Release|x64.ActiveCfg = Release|x64
		{B762D8AC-39F1-4D40-9432-5B05E45D5DF9}.Release|x64.Build.0 = Release|x64
		{B762D8AC-39F1-4D40-9432-5B05E45D5DF9}.Release|x86.ActiveCfg = Release|Win32
		{B762D8AC-39F1-4D40-9432-5B05E45D5DF9}.Release|x86.Build.0 = Release|Win32
		{7377457C-1918-4758-94E2-8EE2184E8C78}.Debug|x64.ActiveCfg = Debug|x64
		{7377457C-1918-4758-94E2-8EE2184E8C78}.Debug|x64.Build.0 = Debug|x64
		{7377457C-1918-4758-94E2-8EE2184E8C78}.Debug|x86.ActiveCfg = Debug|Win32
		{7377457C-1918-4758-94E2-8EE2184E8C78}.Debug|x86.Build.0 = Debug|Win32
		{7377457C-1918-4758-94E2-8EE2184E8C78}.Release|x64.ActiveCfg = Release|x64
		{7377457C-1918-4758-94E2-8EE2184E8C78}.Release|x64.Build.0 = Release|x64
		{7377457C-1918-4758-94E2-8EE2184E8C78}.Release|x86.ActiveCfg = Release|Win32
		{7377457C-1918-4758-94E2-8EE2184E8C78}.Release|x86.Build.0 = Release|Win32
		{8EAB91E8-8B4F-4C0C-8BD9-0B1C25172B3D}.Debug|x64.ActiveCfg = Debug|x64
		{8EAB91E8-8B4F-4C0C-8BD9-0B1C25172B3D}.Debug|x64.Build.0 = Debug|x64
		{8EAB91E8-8B4F-4C0C-8BD9-0B1C25172B3D}.Debug|x86.ActiveCfg = Debug|Win32
		{8EAB91E8-8B4F-4C0C-8BD9-0B1C25172B3D}.Debug|x86.Build.0 = Debug|Win32
		{8EAB91E8-8B4F-4C0C-8BD9-0B1C25172B3D}.Release|x64.ActiveCfg = Release|x64
		{8EAB91E8-8B4F-4C0C-8BD9-0B1C25172B3D}.Release|x64.Build.0 = Release|x64
		{8EAB91E8-8B4F-4C0C-8BD9-0B1C25172B3D}.Release|x86.ActiveCfg = Release|Win32
		{8EAB91E8-8B4F-4C0C-8BD9-0B1C25172B3D}.Release|x86.Build.0 = Release|Win32
	EndGlobalSection
	GlobalSection(SolutionProperties) = preSolution
		HideSolutionNode = FALSE
	EndGlobalSection
	GlobalSection(ExtensibilityGlobals) = postSolution
		SolutionGuid = {B36E33C9-9727-49E4-BCA7-8B112B84A91E}
	EndGlobalSection
EndGlobal
